{
  "version": 4,
  "terraform_version": "1.15.8",
  "serial": 6,
  "lineage": "a0e0e112-e7b9-9d91-b293-7a08285e0fc1",
  "outputs": {
    "droplet_ip": {
      "value": "152.42.221.215",
      "type": "string"
    }
  },
  "resources": [
    {
      "mode": "managed",
      "type": "digitalocean_droplet",
      "name": "setup",
      "provider": "provider[\"registry.terraform.io/digitalocean/digitalocean\"]",
      "instances": [
        {
          "schema_version": 1,
          "attributes": {
            "backup_policy": [],
            "backups": false,
            "created_at": "2026-08-21T04:26:53Z",
            "disk": 50,
            "droplet_agent": null,
            "graceful_shutdown": false,
            "id": "593942030",
            "image": "ubuntu-24-04-x64",
            "ipv4_address": "152.42.221.215",
            "ipv4_address_private": "10.104.0.2",
            "ipv6": false,
            "ipv6_address": "",
            "locked": false,
            "memory": 2048,
            "monitoring": false,
            "name": "terraform-todo-app",
            "price_hourly": 0.01786,
            "price_monthly": 12,
            "private_networking": true,
            "public_networking": true,
            "region": "sgp1",
            "resize_disk": true,
            "size": "s-1vcpu-2gb",
            "ssh_keys": [
              "95:19:ff:e9:67:a7:45:80:41:81:5e:8e:3f:5b:f8:b0"
            ],
            "status": "active",
            "tags": null,
            "timeouts": null,
            "urn": "do:droplet:593942030",
            "user_data": null,
            "vcpus": 1,
            "volume_ids": [],
            "vpc_uuid": "1413caa6-b389-4014-8278-da4358e0e0cb"
          },
          "sensitive_attributes": [],
          "identity_schema_version": 0,
          "private": "eyJlMmJmYjczMC1lY2FhLTExZTYtOGY4OC0zNDM2M2JjN2M0YzAiOnsiY3JlYXRlIjozNjAwMDAwMDAwMDAwLCJkZWxldGUiOjYwMDAwMDAwMDAwLCJ1cGRhdGUiOjM2MDAwMDAwMDAwMDB9LCJzY2hlbWFfdmVyc2lvbiI6IjEifQ=="
        }
      ]
    }
  ],
  "check_results": null
}
